github.com/qzakwani/goslices v0.1.0 h1:ZokqvbXUfIW79TfuchiQ77fCUq/t6XDW3sxCzOSnnM0=
github.com/qzakwani/goslices v0.1.0/go.mod h1:cW2Ing6yFFL44hPNAeIYqFDOliOpRPBBBJ6HfqG6U+E=
github.com/qzakwani/goslices v0.1.1 h1:PJtdxaUgYWkBlcABydbBmr8wqePFCybj7MwQGXyEHf8=
github.com/qzakwani/goslices v0.1.1/go.mod h1:cW2Ing6yFFL44hPNAeIYqFDOliOpRPBBBJ6HfqG6U+E=
